
Microsoft Visual Studio Solution File, Format Version 12.00
# Visual Studio Version 17
VisualStudioVersion = 17.3.32922.545
MinimumVisualStudioVersion = 10.0.40219.1
Project("{9A19103F-16F7-4668-BE54-9A1E7A4F7556}") = "CORplugin", "CORplugin.csproj", "{154C9368-D5E2-4469-81A5-FA3F23DFDDD1}"
EndProject
Global
	GlobalSection(SolutionConfigurationPlatforms) = preSolution
		Debug|Any CPU = Debug|Any CPU
		Release|Any CPU = Release|Any CPU
	EndGlobalSection
	GlobalSection(ProjectConfigurationPlatforms) = postSolution
		{154C9368-D5E2-4469-81A5-FA3F23DFDDD1}.Debug|Any CPU.ActiveCfg = Debug|Any CPU
		{154C9368-D5E2-4469-81A5-FA3F23DFDDD1}.Debug|Any CPU.Build.0 = Debug|Any CPU
		{154C9368-D5E2-4469-81A5-FA3F23DFDDD1}.Release|Any CPU.ActiveCfg = Release|Any CPU
		{154C9368-D5E2-4469-81A5-FA3F23DFDDD1}.Release|Any CPU.Build.0 = Release|Any CPU
	EndGlobalSection
	GlobalSection(SolutionProperties) = preSolution
		HideSolutionNode = FALSE
	EndGlobalSection
	GlobalSection(ExtensibilityGlobals) = postSolution
		SolutionGuid = {E1C5F9E6-BD00-4120-873A-0290A5A5D4F7}
	EndGlobalSection
EndGlobal
